
Microsoft Visual Studio Solution File, Format Version 12.00
# Visual Studio Version 17
VisualStudioVersion = 17.5.33414.496
MinimumVisualStudioVersion = 10.0.40219.1
Project("{FAE04EC0-301F-11D3-BF4B-00C04F79EFBC}") = "CrudExamen", "CrudExamen.csproj", "{42E07729-0572-457D-B6EC-F3267BFE717E}"
EndProject
Global
	GlobalSection(SolutionConfigurationPlatforms) = preSolution
		Debug|Any CPU = Debug|Any CPU
		Release|Any CPU = Release|Any CPU
	EndGlobalSection
	GlobalSection(ProjectConfigurationPlatforms) = postSolution
		{42E07729-0572-457D-B6EC-F3267BFE717E}.Debug|Any CPU.ActiveCfg = Debug|Any CPU
		{42E07729-0572-457D-B6EC-F3267BFE717E}.Debug|Any CPU.Build.0 = Debug|Any CPU
		{42E07729-0572-457D-B6EC-F3267BFE717E}.Release|Any CPU.ActiveCfg = Release|Any CPU
		{42E07729-0572-457D-B6EC-F3267BFE717E}.Release|Any CPU.Build.0 = Release|Any CPU
	EndGlobalSection
	GlobalSection(SolutionProperties) = preSolution
		HideSolutionNode = FALSE
	EndGlobalSection
	GlobalSection(ExtensibilityGlobals) = postSolution
		SolutionGuid = {676E2CF8-66D3-4776-8178-287FA8627690}
	EndGlobalSection
EndGlobal
